
Microsoft Visual Studio Solution File, Format Version 12.00
# Visual Studio Version 16
VisualStudioVersion = 16.0.30114.105
MinimumVisualStudioVersion = 10.0.40219.1
Project("{FAE04EC0-301F-11D3-BF4B-00C04F79EFBC}") = "DekanatApp", "DekanatApp\DekanatApp.csproj", "{0F2258DF-53C8-434E-B1E2-7DF1D44B84AD}"
EndProject
Global
	GlobalSection(SolutionConfigurationPlatforms) = preSolution
		Debug|Any CPU = Debug|Any CPU
		Release|Any CPU = Release|Any CPU
	EndGlobalSection
	GlobalSection(ProjectConfigurationPlatforms) = postSolution
		{0F2258DF-53C8-434E-B1E2-7DF1D44B84AD}.Debug|Any CPU.ActiveCfg = Debug|Any CPU
		{0F2258DF-53C8-434E-B1E2-7DF1D44B84AD}.Debug|Any CPU.Build.0 = Debug|Any CPU
		{0F2258DF-53C8-434E-B1E2-7DF1D44B84AD}.Release|Any CPU.ActiveCfg = Release|Any CPU
		{0F2258DF-53C8-434E-B1E2-7DF1D44B84AD}.Release|Any CPU.Build.0 = Release|Any CPU
	EndGlobalSection
	GlobalSection(SolutionProperties) = preSolution
		HideSolutionNode = FALSE
	EndGlobalSection
	GlobalSection(ExtensibilityGlobals) = postSolution
		SolutionGuid = {D89C234A-C97A-43F6-8CEB-954BE44A1221}
	EndGlobalSection
EndGlobal
